
Microsoft Visual Studio Solution File, Format Version 12.00
# Visual Studio Version 17
VisualStudioVersion = 17.6.33723.286
MinimumVisualStudioVersion = 10.0.40219.1
Project("{FAE04EC0-301F-11D3-BF4B-00C04F79EFBC}") = "rso-wcf", "rso-wcf\rso-wcf.csproj", "{C5A0BD10-833D-4F2E-B8C2-C342E4BC4947}"
EndProject
Project("{FAE04EC0-301F-11D3-BF4B-00C04F79EFBC}") = "wcf-client", "wcf-client\wcf-client.csproj", "{3438D4CE-C784-4DDA-8CAF-57532987E83D}"
	ProjectSection(ProjectDependencies) = postProject
		{D4969C2D-07FE-4B2D-9330-6BF1FF4B8BD2} = {D4969C2D-07FE-4B2D-9330-6BF1FF4B8BD2}
	EndProjectSection
EndProject
Project("{FAE04EC0-301F-11D3-BF4B-00C04F79EFBC}") = "wcf-service", "wcf-service\wcf-service.csproj", "{D4969C2D-07FE-4B2D-9330-6BF1FF4B8BD2}"
EndProject
Global
	GlobalSection(SolutionConfigurationPlatforms) = preSolution
		Debug|Any CPU = Debug|Any CPU
		Release|Any CPU = Release|Any CPU
	EndGlobalSection
	GlobalSection(ProjectConfigurationPlatforms) = postSolution
		{C5A0BD10-833D-4F2E-B8C2-C342E4BC4947}.Debug|Any CPU.ActiveCfg = Debug|Any CPU
		{C5A0BD10-833D-4F2E-B8C2-C342E4BC4947}.Debug|Any CPU.Build.0 = Debug|Any CPU
		{C5A0BD10-833D-4F2E-B8C2-C342E4BC4947}.Release|Any CPU.ActiveCfg = Release|Any CPU
		{C5A0BD10-833D-4F2E-B8C2-C342E4BC4947}.Release|Any CPU.Build.0 = Release|Any CPU
		{3438D4CE-C784-4DDA-8CAF-57532987E83D}.Debug|Any CPU.ActiveCfg = Debug|Any CPU
		{3438D4CE-C784-4DDA-8CAF-57532987E83D}.Debug|Any CPU.Build.0 = Debug|Any CPU
		{3438D4CE-C784-4DDA-8CAF-57532987E83D}.Release|Any CPU.ActiveCfg = Release|Any CPU
		{3438D4CE-C784-4DDA-8CAF-57532987E83D}.Release|Any CPU.Build.0 = Release|Any CPU
		{D4969C2D-07FE-4B2D-9330-6BF1FF4B8BD2}.Debug|Any CPU.ActiveCfg = Debug|Any CPU
		{D4969C2D-07FE-4B2D-9330-6BF1FF4B8BD2}.Debug|Any CPU.Build.0 = Debug|Any CPU
		{D4969C2D-07FE-4B2D-9330-6BF1FF4B8BD2}.Release|Any CPU.ActiveCfg = Release|Any CPU
		{D4969C2D-07FE-4B2D-9330-6BF1FF4B8BD2}.Release|Any CPU.Build.0 = Release|Any CPU
	EndGlobalSection
	GlobalSection(SolutionProperties) = preSolution
		HideSolutionNode = FALSE
	EndGlobalSection
	GlobalSection(ExtensibilityGlobals) = postSolution
		SolutionGuid = {8E36F182-01EE-4951-8AB5-EA0C79685F3A}
	EndGlobalSection
EndGlobal
